{
  "pins" : [
    {
      "identity" : "maplibre-gl-native-distribution",
      "kind" : "remoteSourceControl",
      "location" : "https://github.com/maplibre/maplibre-gl-native-distribution",
      "state" : {
        "revision" : "40e1a0db6d055abf8a1b6e2f6127a8bb6e895cf8",
        "version" : "6.25.1"
      }
    },
    {
      "identity" : "swift-collections",
      "kind" : "remoteSourceControl",
      "location" : "https://github.com/apple/swift-collections.git",
      "state" : {
        "revision" : "a0cb0954ecb21e4e31b0070e6ed5674e8556685a",
        "version" : "1.6.0"
      }
    }
  ],
  "version" : 2
}
